
Microsoft Visual Studio Solution File, Format Version 12.00
# Visual Studio Version 16
VisualStudioVersion = 16.0.29905.134
MinimumVisualStudioVersion = 10.0.40219.1
Project("{8BC9CEB8-8B4A-11D0-8D11-00A0C91BC942}") = "ObjectAndClassTwo", "ObjectAndClassTwo.vcxproj", "{EF74F2AC-2A78-4406-882C-1CAB9425290B}"
EndProject
Global
	GlobalSection(SolutionConfigurationPlatforms) = preSolution
		Debug|x64 = Debug|x64
		Debug|x86 = Debug|x86
		Release|x64 = Release|x64
		Release|x86 = Release|x86
	EndGlobalSection
	GlobalSection(ProjectConfigurationPlatforms) = postSolution
		{EF74F2AC-2A78-4406-882C-1CAB9425290B}.Debug|x64.ActiveCfg = Debug|x64
		{EF74F2AC-2A78-4406-882C-1CAB9425290B}.Debug|x64.Build.0 = Debug|x64
		{EF74F2AC-2A78-4406-882C-1CAB9425290B}.Debug|x86.ActiveCfg = Debug|Win32
		{EF74F2AC-2A78-4406-882C-1CAB9425290B}.Debug|x86.Build.0 = Debug|Win32
		{EF74F2AC-2A78-4406-882C-1CAB9425290B}.Release|x64.ActiveCfg = Release|x64
		{EF74F2AC-2A78-4406-882C-1CAB9425290B}.Release|x64.Build.0 = Release|x64
		{EF74F2AC-2A78-4406-882C-1CAB9425290B}.Release|x86.ActiveCfg = Release|Win32
		{EF74F2AC-2A78-4406-882C-1CAB9425290B}.Release|x86.Build.0 = Release|Win32
	EndGlobalSection
	GlobalSection(SolutionProperties) = preSolution
		HideSolutionNode = FALSE
	EndGlobalSection
	GlobalSection(ExtensibilityGlobals) = postSolution
		SolutionGuid = {156698D7-91E5-47E6-97C0-4E252631938D}
	EndGlobalSection
EndGlobal
